
Microsoft Visual Studio Solution File, Format Version 12.00
# Visual Studio Version 16
VisualStudioVersion = 16.0.31613.86
MinimumVisualStudioVersion = 10.0.40219.1
Project("{FAE04EC0-301F-11D3-BF4B-00C04F79EFBC}") = "Genlist", "Genlist.csproj", "{87E32479-A7E1-48BE-8E8C-ECAEDAF2EF43}"
EndProject
Global
	GlobalSection(SolutionConfigurationPlatforms) = preSolution
		Debug|Any CPU = Debug|Any CPU
		Release|Any CPU = Release|Any CPU
	EndGlobalSection
	GlobalSection(ProjectConfigurationPlatforms) = postSolution
		{87E32479-A7E1-48BE-8E8C-ECAEDAF2EF43}.Debug|Any CPU.ActiveCfg = Debug|Any CPU
		{87E32479-A7E1-48BE-8E8C-ECAEDAF2EF43}.Debug|Any CPU.Build.0 = Debug|Any CPU
		{87E32479-A7E1-48BE-8E8C-ECAEDAF2EF43}.Release|Any CPU.ActiveCfg = Release|Any CPU
		{87E32479-A7E1-48BE-8E8C-ECAEDAF2EF43}.Release|Any CPU.Build.0 = Release|Any CPU
	EndGlobalSection
	GlobalSection(SolutionProperties) = preSolution
		HideSolutionNode = FALSE
	EndGlobalSection
	GlobalSection(ExtensibilityGlobals) = postSolution
		SolutionGuid = {4F32EDC3-9F45-47A8-B416-A7537FB58EE2}
	EndGlobalSection
EndGlobal
